<?xml version="1.0" encoding="utf-8"?>
<Project ToolsVersion="4.0" xmlns="http://schemas.microsoft.com/developer/msbuild/2003">
  <ItemGroup>
    <Filter Include="Header">
      <UniqueIdentifier>{93995380-89BD-4b04-88EB-625FBE52EBFB}</UniqueIdentifier>
      <Extensions>h;hh;hpp;hxx;h++;hm;inl;inc;ipp;xsd</Extensions>
    </Filter>
    <Filter Include="Source">
      <UniqueIdentifier>{4FC737F1-C7A5-4376-A066-2A32D752A2FF}</UniqueIdentifier>
      <Extensions>cpp;c;cc;cxx;c++;cppm;ixx;def;odl;idl;hpj;bat;asm;asmx</Extensions>
    </Filter>
    <Filter Include="Resource">
      <UniqueIdentifier>{67DA6AB6-F800-4c08-8B7A-83BB121AAD01}</UniqueIdentifier>
      <Extensions>rc;ico;cur;bmp;dlg;rc2;rct;bin;rgs;gif;jpg;jpeg;jpe;resx;tiff;tif;png;wav;mfcribbon-ms</Extensions>
    </Filter>
    <Filter Include="Lib">
      <UniqueIdentifier>{1f55d655-2a12-4eb4-973c-16973edcc0b1}</UniqueIdentifier>
    </Filter>
    <Filter Include="Header\Data">
      <UniqueIdentifier>{21c50b64-9344-405b-a5a3-c289b0135325}</UniqueIdentifier>
    </Filter>
  </ItemGroup>
  <ItemGroup>
    <ClInclude Include="framework.h">
      <Filter>Header</Filter>
    </ClInclude>
    <ClInclude Include="pch.h">
      <Filter>Header</Filter>
    </ClInclude>
    <ClInclude Include="Data.h">
      <Filter>Header</Filter>
    </ClInclude>
    <ClInclude Include="resource.h">
      <Filter>Header</Filter>
    </ClInclude>
    <ClInclude Include="Mod.h">
      <Filter>Header</Filter>
    </ClInclude>
    <ClInclude Include="Data\Foundation.hpp">
      <Filter>Header\Data</Filter>
    </ClInclude>
    <ClInclude Include="Data\PermAbility.hpp">
      <Filter>Header\Data</Filter>
    </ClInclude>
    <ClInclude Include="Data\PermGroup.hpp">
      <Filter>Header\Data</Filter>
    </ClInclude>
    <ClInclude Include="Data\PermMember.hpp">
      <Filter>Header\Data</Filter>
    </ClInclude>
    <ClInclude Include="Data\JsonHelper.hpp">
      <Filter>Header\Data</Filter>
    </ClInclude>
  </ItemGroup>
  <ItemGroup>
    <ClCompile Include="dllmain.cpp">
      <Filter>Source</Filter>
    </ClCompile>
    <ClCompile Include="pch.cpp">
      <Filter>Source</Filter>
    </ClCompile>
    <ClCompile Include="Data.cpp">
      <Filter>Source</Filter>
    </ClCompile>
    <ClCompile Include="Mod.cpp">
      <Filter>Source</Filter>
    </ClCompile>
    <ClCompile Include="Command.cpp">
      <Filter>Source</Filter>
    </ClCompile>
    <ClCompile Include="ExportAPI.cpp">
      <Filter>Source</Filter>
    </ClCompile>
  </ItemGroup>
  <ItemGroup>
    <ResourceCompile Include="Resource.rc">
      <Filter>Resource</Filter>
    </ResourceCompile>
  </ItemGroup>
  <ItemGroup>
    <Library Include="..\SDK\Lib\LiteLoader.lib">
      <Filter>Lib</Filter>
    </Library>
    <Library Include="..\SDK\Lib\SymDBHelper.lib">
      <Filter>Lib</Filter>
    </Library>
    <Library Include="..\SDK\Lib\bedrock_server_api.lib">
      <Filter>Lib</Filter>
    </Library>
    <Library Include="..\SDK\Lib\bedrock_server_var.lib">
      <Filter>Lib</Filter>
    </Library>
  </ItemGroup>
</Project>